Microsoft Visual Studio Solution File, Format Version 12.00
# Visual Studio Version 17
VisualStudioVersion = 17.5.2.0
MinimumVisualStudioVersion = 10.0.40219.1
Project("{2150E333-8FDC-42A3-9474-1A3956D46DE8}") = "src", "src", "{827E0CD3-B72D-47B6-A68D-7590B98EB39B}"
EndProject
Project("{FAE04EC0-301F-11D3-BF4B-00C04F79EFBC}") = "ImageCompression", "src\ImageCompression\ImageCompression.csproj", "{D3A13D03-7815-94C6-1D60-A35ADD1E1197}"
EndProject
Project("{FAE04EC0-301F-11D3-BF4B-00C04F79EFBC}") = "ImageSteg", "src\ImageSteg\ImageSteg.csproj", "{D38CF31F-5589-B747-9845-1F0E6806A483}"
EndProject
Global
	GlobalSection(SolutionConfigurationPlatforms) = preSolution
		Debug|Any CPU = Debug|Any CPU
		Release|Any CPU = Release|Any CPU
	EndGlobalSection
	GlobalSection(ProjectConfigurationPlatforms) = postSolution
		{D3A13D03-7815-94C6-1D60-A35ADD1E1197}.Debug|Any CPU.ActiveCfg = Debug|Any CPU
		{D3A13D03-7815-94C6-1D60-A35ADD1E1197}.Debug|Any CPU.Build.0 = Debug|Any CPU
		{D3A13D03-7815-94C6-1D60-A35ADD1E1197}.Release|Any CPU.ActiveCfg = Release|Any CPU
		{D3A13D03-7815-94C6-1D60-A35ADD1E1197}.Release|Any CPU.Build.0 = Release|Any CPU
		{D38CF31F-5589-B747-9845-1F0E6806A483}.Debug|Any CPU.ActiveCfg = Debug|Any CPU
		{D38CF31F-5589-B747-9845-1F0E6806A483}.Debug|Any CPU.Build.0 = Debug|Any CPU
		{D38CF31F-5589-B747-9845-1F0E6806A483}.Release|Any CPU.ActiveCfg = Release|Any CPU
		{D38CF31F-5589-B747-9845-1F0E6806A483}.Release|Any CPU.Build.0 = Release|Any CPU
	EndGlobalSection
	GlobalSection(SolutionProperties) = preSolution
		HideSolutionNode = FALSE
	EndGlobalSection
	GlobalSection(NestedProjects) = preSolution
		{D3A13D03-7815-94C6-1D60-A35ADD1E1197} = {827E0CD3-B72D-47B6-A68D-7590B98EB39B}
		{D38CF31F-5589-B747-9845-1F0E6806A483} = {827E0CD3-B72D-47B6-A68D-7590B98EB39B}
	EndGlobalSection
	GlobalSection(ExtensibilityGlobals) = postSolution
		SolutionGuid = {F621FB68-A199-4C87-8D02-5C69404740EE}
	EndGlobalSection
EndGlobal
